
Microsoft Visual Studio Solution File, Format Version 12.00
# Visual Studio 2013
VisualStudioVersion = 12.0.40629.0
MinimumVisualStudioVersion = 10.0.40219.1
Project("{FAE04EC0-301F-11D3-BF4B-00C04F79EFBC}") = "ClaimServices", "ClaimServices\ClaimServices.csproj", "{C5F82E11-7510-465A-94A9-C56BF9974CA5}"
EndProject
Project("{FAE04EC0-301F-11D3-BF4B-00C04F79EFBC}") = "ClaimServiceHost", "ServiceHost\ClaimServiceHost.csproj", "{9C852329-D59C-4CD8-82D8-1CD7C0CEB867}"
EndProject
Global
	GlobalSection(SolutionConfigurationPlatforms) = preSolution
		Debug|Any CPU = Debug|Any CPU
		Release|Any CPU = Release|Any CPU
	EndGlobalSection
	GlobalSection(ProjectConfigurationPlatforms) = postSolution
		{C5F82E11-7510-465A-94A9-C56BF9974CA5}.Debug|Any CPU.ActiveCfg = Debug|Any CPU
		{C5F82E11-7510-465A-94A9-C56BF9974CA5}.Debug|Any CPU.Build.0 = Debug|Any CPU
		{C5F82E11-7510-465A-94A9-C56BF9974CA5}.Release|Any CPU.ActiveCfg = Release|Any CPU
		{C5F82E11-7510-465A-94A9-C56BF9974CA5}.Release|Any CPU.Build.0 = Release|Any CPU
		{9C852329-D59C-4CD8-82D8-1CD7C0CEB867}.Debug|Any CPU.ActiveCfg = Debug|Any CPU
		{9C852329-D59C-4CD8-82D8-1CD7C0CEB867}.Debug|Any CPU.Build.0 = Debug|Any CPU
		{9C852329-D59C-4CD8-82D8-1CD7C0CEB867}.Release|Any CPU.ActiveCfg = Release|Any CPU
		{9C852329-D59C-4CD8-82D8-1CD7C0CEB867}.Release|Any CPU.Build.0 = Release|Any CPU
	EndGlobalSection
	GlobalSection(SolutionProperties) = preSolution
		HideSolutionNode = FALSE
	EndGlobalSection
EndGlobal
